{
  "name": "cellular-automata",
  "version": "1.0.0",
  "lockfileVersion": 3,
  "requires": true,
  "packages": {
    "": {
      "name": "cellular-automata",
      "version": "1.0.0",
      "license": "ISC",
      "dependencies": {
        "jstates": "^0.5.2"
      }
    },
    "node_modules/jstates": {
      "version": "0.5.2",
      "resolved": "https://registry.npmjs.org/jstates/-/jstates-0.5.2.tgz",
      "integrity": "sha512-a+JICimZh/LpoNYclEG1BxJzUng1ZIgERxOvZEjPZKN+cRmGyWgUtr0wh0v8uQtzJ1kX/l30snAtk4B8ILQxrw=="
    }
  }
}
